
Microsoft Visual Studio Solution File, Format Version 12.00
# Visual Studio 15
VisualStudioVersion = 15.0.28307.106
MinimumVisualStudioVersion = 10.0.40219.1
Project("{FAE04EC0-301F-11D3-BF4B-00C04F79EFBC}") = "Simulator", "Simulator\Simulator.csproj", "{EFFDA929-DC5D-4160-9D6E-3E065E244587}"
EndProject
Global
	GlobalSection(SolutionConfigurationPlatforms) = preSolution
		Debug|Any CPU = Debug|Any CPU
		Release|Any CPU = Release|Any CPU
	EndGlobalSection
	GlobalSection(ProjectConfigurationPlatforms) = postSolution
		{EFFDA929-DC5D-4160-9D6E-3E065E244587}.Debug|Any CPU.ActiveCfg = Debug|Any CPU
		{EFFDA929-DC5D-4160-9D6E-3E065E244587}.Debug|Any CPU.Build.0 = Debug|Any CPU
		{EFFDA929-DC5D-4160-9D6E-3E065E244587}.Release|Any CPU.ActiveCfg = Release|Any CPU
		{EFFDA929-DC5D-4160-9D6E-3E065E244587}.Release|Any CPU.Build.0 = Release|Any CPU
	EndGlobalSection
	GlobalSection(SolutionProperties) = preSolution
		HideSolutionNode = FALSE
	EndGlobalSection
	GlobalSection(ExtensibilityGlobals) = postSolution
		SolutionGuid = {BE28FAB9-2224-4A2C-962B-BE79B3872331}
	EndGlobalSection
EndGlobal
